
Microsoft Visual Studio Solution File, Format Version 12.00
# Visual Studio Version 17
VisualStudioVersion = 17.11.35208.52
MinimumVisualStudioVersion = 10.0.40219.1
Project("{FAE04EC0-301F-11D3-BF4B-00C04F79EFBC}") = "JokerBlazor", "JokerBlazor\JokerBlazor\JokerBlazor.csproj", "{DA4CB007-1E64-4571-964B-092ADC11C6F3}"
EndProject
Project("{FAE04EC0-301F-11D3-BF4B-00C04F79EFBC}") = "JokerBlazor.Client", "JokerBlazor\JokerBlazor.Client\JokerBlazor.Client.csproj", "{A4C22292-D539-4A03-BFD0-E6AC6ECA142E}"
EndProject
Project("{2150E333-8FDC-42A3-9474-1A3956D46DE8}") = "Solution Items", "Solution Items", "{3501E4EA-C655-4D4C-909A-4D82F72503FF}"
	ProjectSection(SolutionItems) = preProject
		..\.gitignore = ..\.gitignore
		..\README.md = ..\README.md
	EndProjectSection
EndProject
Global
	GlobalSection(SolutionConfigurationPlatforms) = preSolution
		Debug|Any CPU = Debug|Any CPU
		Release|Any CPU = Release|Any CPU
	EndGlobalSection
	GlobalSection(ProjectConfigurationPlatforms) = postSolution
		{DA4CB007-1E64-4571-964B-092ADC11C6F3}.Debug|Any CPU.ActiveCfg = Debug|Any CPU
		{DA4CB007-1E64-4571-964B-092ADC11C6F3}.Debug|Any CPU.Build.0 = Debug|Any CPU
		{DA4CB007-1E64-4571-964B-092ADC11C6F3}.Release|Any CPU.ActiveCfg = Release|Any CPU
		{DA4CB007-1E64-4571-964B-092ADC11C6F3}.Release|Any CPU.Build.0 = Release|Any CPU
		{A4C22292-D539-4A03-BFD0-E6AC6ECA142E}.Debug|Any CPU.ActiveCfg = Debug|Any CPU
		{A4C22292-D539-4A03-BFD0-E6AC6ECA142E}.Debug|Any CPU.Build.0 = Debug|Any CPU
		{A4C22292-D539-4A03-BFD0-E6AC6ECA142E}.Release|Any CPU.ActiveCfg = Release|Any CPU
		{A4C22292-D539-4A03-BFD0-E6AC6ECA142E}.Release|Any CPU.Build.0 = Release|Any CPU
	EndGlobalSection
	GlobalSection(SolutionProperties) = preSolution
		HideSolutionNode = FALSE
	EndGlobalSection
	GlobalSection(ExtensibilityGlobals) = postSolution
		SolutionGuid = {B05F211B-FF19-4D5B-9F02-49CC7862E025}
	EndGlobalSection
EndGlobal
